// !$*UTF8*$!
{
	archiveVersion = 1;
	classes = {
	};
	objectVersion = 56;
	objects = {

/* Begin PBXBuildFile section */
		964B4D242AFAA98A00470E31 /* AppDelegate.swift in Sources */ = {isa = PBXBuildFile; fileRef = 964B4D232AFAA98A00470E31 /* AppDelegate.swift */; };
		964B4D262AFAA98A00470E31 /* SceneDelegate.swift in Sources */ = {isa = PBXBuildFile; fileRef = 964B4D252AFAA98A00470E31 /* SceneDelegate.swift */; };
		964B4D2D2AFAA98B00470E31 /* Assets.xcassets in Resources */ = {isa = PBXBuildFile; fileRef = 964B4D2C2AFAA98B00470E31 /* Assets.xcassets */; };
		964B4D382AFAAA7A00470E31 /* AppPage.swift in Sources */ = {isa = PBXBuildFile; fileRef = 964B4D372AFAAA7A00470E31 /* AppPage.swift */; };
		964B4D3D2AFAABED00470E31 /* AppViewModel.swift in Sources */ = {isa = PBXBuildFile; fileRef = 964B4D3C2AFAABED00470E31 /* AppViewModel.swift */; };
		964B4D442AFAAE3600470E31 /* App1FirstPage.swift in Sources */ = {isa = PBXBuildFile; fileRef = 964B4D432AFAAE3600470E31 /* App1FirstPage.swift */; };
		964B4D472AFAAE8200470E31 /* App1FirstViewModel.swift in Sources */ = {isa = PBXBuildFile; fileRef = 964B4D462AFAAE8200470E31 /* App1FirstViewModel.swift */; };
		964B4D492AFAAFBD00470E31 /* App1Routing.swift in Sources */ = {isa = PBXBuildFile; fileRef = 964B4D482AFAAFBD00470E31 /* App1Routing.swift */; };
		964B4D4B2AFAB08A00470E31 /* AppRouting.swift in Sources */ = {isa = PBXBuildFile; fileRef = 964B4D4A2AFAB08A00470E31 /* AppRouting.swift */; };
		964B4D4F2AFAB0A800470E31 /* Route.swift in Sources */ = {isa = PBXBuildFile; fileRef = 964B4D4E2AFAB0A800470E31 /* Route.swift */; };
		964B4D522AFAB9A900470E31 /* Component.swift in Sources */ = {isa = PBXBuildFile; fileRef = 964B4D512AFAB9A900470E31 /* Component.swift */; };
		964B4D542AFAB9D100470E31 /* App1SecondPage.swift in Sources */ = {isa = PBXBuildFile; fileRef = 964B4D532AFAB9D100470E31 /* App1SecondPage.swift */; };
		964B4D562AFABA0A00470E31 /* App1SecondViewModel.swift in Sources */ = {isa = PBXBuildFile; fileRef = 964B4D552AFABA0A00470E31 /* App1SecondViewModel.swift */; };
		964B4D6C2AFB1B3D00470E31 /* printIfDebug.swift in Sources */ = {isa = PBXBuildFile; fileRef = 964B4D6B2AFB1B3D00470E31 /* printIfDebug.swift */; };
		964B4D6F2AFB1BB500470E31 /* App2Routing.swift in Sources */ = {isa = PBXBuildFile; fileRef = 964B4D6E2AFB1BB500470E31 /* App2Routing.swift */; };
		964B4D732AFB1BE500470E31 /* App2FirstPage.swift in Sources */ = {isa = PBXBuildFile; fileRef = 964B4D722AFB1BE500470E31 /* App2FirstPage.swift */; };
		964B4D752AFB1C0400470E31 /* App2SecondPage.swift in Sources */ = {isa = PBXBuildFile; fileRef = 964B4D742AFB1C0400470E31 /* App2SecondPage.swift */; };
		964B4D782AFB1C3A00470E31 /* App2FirstViewModel.swift in Sources */ = {isa = PBXBuildFile; fileRef = 964B4D772AFB1C3A00470E31 /* App2FirstViewModel.swift */; };
		964B4D7A2AFB1C4900470E31 /* App2SecondViewModel.swift in Sources */ = {isa = PBXBuildFile; fileRef = 964B4D792AFB1C4900470E31 /* App2SecondViewModel.swift */; };
		967124B82B01016100E0DCB4 /* Module.swift in Sources */ = {isa = PBXBuildFile; fileRef = 967124B72B01016100E0DCB4 /* Module.swift */; };
		967124BA2B01018100E0DCB4 /* AppModule.swift in Sources */ = {isa = PBXBuildFile; fileRef = 967124B92B01018100E0DCB4 /* AppModule.swift */; };
		967124C02B01084C00E0DCB4 /* App1Module.swift in Sources */ = {isa = PBXBuildFile; fileRef = 967124BF2B01084C00E0DCB4 /* App1Module.swift */; };
		967124C22B0109C800E0DCB4 /* Router.swift in Sources */ = {isa = PBXBuildFile; fileRef = 967124C12B0109C700E0DCB4 /* Router.swift */; };
		967124C42B0113CD00E0DCB4 /* App2Module.swift in Sources */ = {isa = PBXBuildFile; fileRef = 967124C32B0113CD00E0DCB4 /* App2Module.swift */; };
		967124CC2B01337000E0DCB4 /* CounterComponent.swift in Sources */ = {isa = PBXBuildFile; fileRef = 967124CB2B01337000E0DCB4 /* CounterComponent.swift */; };
/* End PBXBuildFile section */

/* Begin PBXFileReference section */
		964B4D202AFAA98A00470E31 /* SwiftModule.app */ = {isa = PBXFileReference; explicitFileType = wrapper.application; includeInIndex = 0; path = SwiftModule.app; sourceTree = BUILT_PRODUCTS_DIR; };
		964B4D232AFAA98A00470E31 /* AppDelegate.swift */ = {isa = PBXFileReference; lastKnownFileType = sourcecode.swift; path = AppDelegate.swift; sourceTree = "<group>"; };
		964B4D252AFAA98A00470E31 /* SceneDelegate.swift */ = {isa = PBXFileReference; lastKnownFileType = sourcecode.swift; path = SceneDelegate.swift; sourceTree = "<group>"; };
		964B4D2C2AFAA98B00470E31 /* Assets.xcassets */ = {isa = PBXFileReference; lastKnownFileType = folder.assetcatalog; path = Assets.xcassets; sourceTree = "<group>"; };
		964B4D312AFAA98B00470E31 /* Info.plist */ = {isa = PBXFileReference; lastKnownFileType = text.plist.xml; path = Info.plist; sourceTree = "<group>"; };
		964B4D372AFAAA7A00470E31 /* AppPage.swift */ = {isa = PBXFileReference; lastKnownFileType = sourcecode.swift; path = AppPage.swift; sourceTree = "<group>"; };
		964B4D3C2AFAABED00470E31 /* AppViewModel.swift */ = {isa = PBXFileReference; lastKnownFileType = sourcecode.swift; path = AppViewModel.swift; sourceTree = "<group>"; };
		964B4D432AFAAE3600470E31 /* App1FirstPage.swift */ = {isa = PBXFileReference; lastKnownFileType = sourcecode.swift; path = App1FirstPage.swift; sourceTree = "<group>"; };
		964B4D462AFAAE8200470E31 /* App1FirstViewModel.swift */ = {isa = PBXFileReference; lastKnownFileType = sourcecode.swift; path = App1FirstViewModel.swift; sourceTree = "<group>"; };
		964B4D482AFAAFBD00470E31 /* App1Routing.swift */ = {isa = PBXFileReference; lastKnownFileType = sourcecode.swift; path = App1Routing.swift; sourceTree = "<group>"; };
		964B4D4A2AFAB08A00470E31 /* AppRouting.swift */ = {isa = PBXFileReference; lastKnownFileType = sourcecode.swift; path = AppRouting.swift; sourceTree = "<group>"; };
		964B4D4E2AFAB0A800470E31 /* Route.swift */ = {isa = PBXFileReference; lastKnownFileType = sourcecode.swift; path = Route.swift; sourceTree = "<group>"; };
		964B4D502AFAB8E300470E31 /* README.md */ = {isa = PBXFileReference; lastKnownFileType = net.daringfireball.markdown; path = README.md; sourceTree = "<group>"; };
		964B4D512AFAB9A900470E31 /* Component.swift */ = {isa = PBXFileReference; lastKnownFileType = sourcecode.swift; path = Component.swift; sourceTree = "<group>"; };
		964B4D532AFAB9D100470E31 /* App1SecondPage.swift */ = {isa = PBXFileReference; lastKnownFileType = sourcecode.swift; path = App1SecondPage.swift; sourceTree = "<group>"; };
		964B4D552AFABA0A00470E31 /* App1SecondViewModel.swift */ = {isa = PBXFileReference; lastKnownFileType = sourcecode.swift; path = App1SecondViewModel.swift; sourceTree = "<group>"; };
		964B4D692AFB1AC800470E31 /* .gitignore */ = {isa = PBXFileReference; lastKnownFileType = text; path = .gitignore; sourceTree = "<group>"; };
		964B4D6B2AFB1B3D00470E31 /* printIfDebug.swift */ = {isa = PBXFileReference; lastKnownFileType = sourcecode.swift; path = printIfDebug.swift; sourceTree = "<group>"; };
		964B4D6E2AFB1BB500470E31 /* App2Routing.swift */ = {isa = PBXFileReference; lastKnownFileType = sourcecode.swift; path = App2Routing.swift; sourceTree = "<group>"; };
		964B4D722AFB1BE500470E31 /* App2FirstPage.swift */ = {isa = PBXFileReference; lastKnownFileType = sourcecode.swift; path = App2FirstPage.swift; sourceTree = "<group>"; };
		964B4D742AFB1C0400470E31 /* App2SecondPage.swift */ = {isa = PBXFileReference; lastKnownFileType = sourcecode.swift; path = App2SecondPage.swift; sourceTree = "<group>"; };
		964B4D772AFB1C3A00470E31 /* App2FirstViewModel.swift */ = {isa = PBXFileReference; lastKnownFileType = sourcecode.swift; path = App2FirstViewModel.swift; sourceTree = "<group>"; };
		964B4D792AFB1C4900470E31 /* App2SecondViewModel.swift */ = {isa = PBXFileReference; lastKnownFileType = sourcecode.swift; path = App2SecondViewModel.swift; sourceTree = "<group>"; };
		967124B72B01016100E0DCB4 /* Module.swift */ = {isa = PBXFileReference; lastKnownFileType = sourcecode.swift; path = Module.swift; sourceTree = "<group>"; };
		967124B92B01018100E0DCB4 /* AppModule.swift */ = {isa = PBXFileReference; lastKnownFileType = sourcecode.swift; path = AppModule.swift; sourceTree = "<group>"; };
		967124BF2B01084C00E0DCB4 /* App1Module.swift */ = {isa = PBXFileReference; lastKnownFileType = sourcecode.swift; path = App1Module.swift; sourceTree = "<group>"; };
		967124C12B0109C700E0DCB4 /* Router.swift */ = {isa = PBXFileReference; lastKnownFileType = sourcecode.swift; path = Router.swift; sourceTree = "<group>"; };
		967124C32B0113CD00E0DCB4 /* App2Module.swift */ = {isa = PBXFileReference; lastKnownFileType = sourcecode.swift; path = App2Module.swift; sourceTree = "<group>"; };
		967124C62B011CDE00E0DCB4 /* SwiftModule - Module and Component.drawio.png */ = {isa = PBXFileReference; lastKnownFileType = image.png; path = "SwiftModule - Module and Component.drawio.png"; sourceTree = "<group>"; };
		967124CB2B01337000E0DCB4 /* CounterComponent.swift */ = {isa = PBXFileReference; lastKnownFileType = sourcecode.swift; path = CounterComponent.swift; sourceTree = "<group>"; };
/* End PBXFileReference section */

/* Begin PBXFrameworksBuildPhase section */
		964B4D1D2AFAA98A00470E31 /* Frameworks */ = {
			isa = PBXFrameworksBuildPhase;
			buildActionMask = 2147483647;
			files = (
			);
			runOnlyForDeploymentPostprocessing = 0;
		};
/* End PBXFrameworksBuildPhase section */

/* Begin PBXGroup section */
		964B4D172AFAA98A00470E31 = {
			isa = PBXGroup;
			children = (
				967124C52B011CD000E0DCB4 /* README */,
				964B4D692AFB1AC800470E31 /* .gitignore */,
				964B4D212AFAA98A00470E31 /* Products */,
				964B4D502AFAB8E300470E31 /* README.md */,
				964B4D222AFAA98A00470E31 /* SwiftModule */,
			);
			sourceTree = "<group>";
		};
		964B4D212AFAA98A00470E31 /* Products */ = {
			isa = PBXGroup;
			children = (
				964B4D202AFAA98A00470E31 /* SwiftModule.app */,
			);
			name = Products;
			sourceTree = "<group>";
		};
		964B4D222AFAA98A00470E31 /* SwiftModule */ = {
			isa = PBXGroup;
			children = (
				964B4D312AFAA98B00470E31 /* Info.plist */,
				964B4D3B2AFAABD300470E31 /* src */,
			);
			path = SwiftModule;
			sourceTree = "<group>";
		};
		964B4D392AFAABAF00470E31 /* app */ = {
			isa = PBXGroup;
			children = (
				964B4D232AFAA98A00470E31 /* AppDelegate.swift */,
				964B4D252AFAA98A00470E31 /* SceneDelegate.swift */,
				964B4D4C2AFAB09800470E31 /* Core */,
				964B4D6A2AFB1B3000470E31 /* Utils */,
				964B4D3F2AFAAE0300470E31 /* Features */,
			);
			path = app;
			sourceTree = "<group>";
		};
		964B4D3A2AFAABBA00470E31 /* assets */ = {
			isa = PBXGroup;
			children = (
				964B4D2C2AFAA98B00470E31 /* Assets.xcassets */,
			);
			path = assets;
			sourceTree = "<group>";
		};
		964B4D3B2AFAABD300470E31 /* src */ = {
			isa = PBXGroup;
			children = (
				964B4D392AFAABAF00470E31 /* app */,
				964B4D3A2AFAABBA00470E31 /* assets */,
			);
			path = src;
			sourceTree = "<group>";
		};
		964B4D3F2AFAAE0300470E31 /* Features */ = {
			isa = PBXGroup;
			children = (
				967124C72B01335200E0DCB4 /* counter */,
				967124BB2B0101CD00E0DCB4 /* app */,
				964B4D402AFAAE0A00470E31 /* app1 */,
				964B4D6D2AFB1BAB00470E31 /* app2 */,
			);
			path = Features;
			sourceTree = "<group>";
		};
		964B4D402AFAAE0A00470E31 /* app1 */ = {
			isa = PBXGroup;
			children = (
				964B4D412AFAAE0F00470E31 /* Presentation */,
				964B4D482AFAAFBD00470E31 /* App1Routing.swift */,
				967124BF2B01084C00E0DCB4 /* App1Module.swift */,
			);
			path = app1;
			sourceTree = "<group>";
		};
		964B4D412AFAAE0F00470E31 /* Presentation */ = {
			isa = PBXGroup;
			children = (
				964B4D452AFAAE5D00470E31 /* ViewModels */,
				964B4D422AFAAE2D00470E31 /* Pages */,
			);
			path = Presentation;
			sourceTree = "<group>";
		};
		964B4D422AFAAE2D00470E31 /* Pages */ = {
			isa = PBXGroup;
			children = (
				964B4D432AFAAE3600470E31 /* App1FirstPage.swift */,
				964B4D532AFAB9D100470E31 /* App1SecondPage.swift */,
			);
			path = Pages;
			sourceTree = "<group>";
		};
		964B4D452AFAAE5D00470E31 /* ViewModels */ = {
			isa = PBXGroup;
			children = (
				964B4D462AFAAE8200470E31 /* App1FirstViewModel.swift */,
				964B4D552AFABA0A00470E31 /* App1SecondViewModel.swift */,
			);
			path = ViewModels;
			sourceTree = "<group>";
		};
		964B4D4C2AFAB09800470E31 /* Core */ = {
			isa = PBXGroup;
			children = (
				964B4D4D2AFAB09C00470E31 /* Routing */,
			);
			path = Core;
			sourceTree = "<group>";
		};
		964B4D4D2AFAB09C00470E31 /* Routing */ = {
			isa = PBXGroup;
			children = (
				964B4D512AFAB9A900470E31 /* Component.swift */,
				964B4D4E2AFAB0A800470E31 /* Route.swift */,
				967124B72B01016100E0DCB4 /* Module.swift */,
				967124C12B0109C700E0DCB4 /* Router.swift */,
			);
			path = Routing;
			sourceTree = "<group>";
		};
		964B4D6A2AFB1B3000470E31 /* Utils */ = {
			isa = PBXGroup;
			children = (
				964B4D6B2AFB1B3D00470E31 /* printIfDebug.swift */,
			);
			path = Utils;
			sourceTree = "<group>";
		};
		964B4D6D2AFB1BAB00470E31 /* app2 */ = {
			isa = PBXGroup;
			children = (
				964B4D702AFB1BCD00470E31 /* Presentation */,
				964B4D6E2AFB1BB500470E31 /* App2Routing.swift */,
				967124C32B0113CD00E0DCB4 /* App2Module.swift */,
			);
			path = app2;
			sourceTree = "<group>";
		};
		964B4D702AFB1BCD00470E31 /* Presentation */ = {
			isa = PBXGroup;
			children = (
				964B4D762AFB1C2F00470E31 /* ViewModels */,
				964B4D712AFB1BDC00470E31 /* Pages */,
			);
			path = Presentation;
			sourceTree = "<group>";
		};
		964B4D712AFB1BDC00470E31 /* Pages */ = {
			isa = PBXGroup;
			children = (
				964B4D722AFB1BE500470E31 /* App2FirstPage.swift */,
				964B4D742AFB1C0400470E31 /* App2SecondPage.swift */,
			);
			path = Pages;
			sourceTree = "<group>";
		};
		964B4D762AFB1C2F00470E31 /* ViewModels */ = {
			isa = PBXGroup;
			children = (
				964B4D772AFB1C3A00470E31 /* App2FirstViewModel.swift */,
				964B4D792AFB1C4900470E31 /* App2SecondViewModel.swift */,
			);
			path = ViewModels;
			sourceTree = "<group>";
		};
		967124BB2B0101CD00E0DCB4 /* app */ = {
			isa = PBXGroup;
			children = (
				967124BC2B0101DB00E0DCB4 /* Presentation */,
				964B4D4A2AFAB08A00470E31 /* AppRouting.swift */,
				967124B92B01018100E0DCB4 /* AppModule.swift */,
			);
			path = app;
			sourceTree = "<group>";
		};
		967124BC2B0101DB00E0DCB4 /* Presentation */ = {
			isa = PBXGroup;
			children = (
				967124BE2B0101E500E0DCB4 /* ViewModels */,
				967124BD2B0101E000E0DCB4 /* Pages */,
			);
			path = Presentation;
			sourceTree = "<group>";
		};
		967124BD2B0101E000E0DCB4 /* Pages */ = {
			isa = PBXGroup;
			children = (
				964B4D372AFAAA7A00470E31 /* AppPage.swift */,
			);
			path = Pages;
			sourceTree = "<group>";
		};
		967124BE2B0101E500E0DCB4 /* ViewModels */ = {
			isa = PBXGroup;
			children = (
				964B4D3C2AFAABED00470E31 /* AppViewModel.swift */,
			);
			path = ViewModels;
			sourceTree = "<group>";
		};
		967124C52B011CD000E0DCB4 /* README */ = {
			isa = PBXGroup;
			children = (
				967124C62B011CDE00E0DCB4 /* SwiftModule - Module and Component.drawio.png */,
			);
			path = README;
			sourceTree = "<group>";
		};
		967124C72B01335200E0DCB4 /* counter */ = {
			isa = PBXGroup;
			children = (
				967124C82B01335B00E0DCB4 /* Presentation */,
			);
			path = counter;
			sourceTree = "<group>";
		};
		967124C82B01335B00E0DCB4 /* Presentation */ = {
			isa = PBXGroup;
			children = (
				967124CA2B01336600E0DCB4 /* Components */,
				967124C92B01336200E0DCB4 /* ViewModels */,
			);
			path = Presentation;
			sourceTree = "<group>";
		};
		967124C92B01336200E0DCB4 /* ViewModels */ = {
			isa = PBXGroup;
			children = (
			);
			path = ViewModels;
			sourceTree = "<group>";
		};
		967124CA2B01336600E0DCB4 /* Components */ = {
			isa = PBXGroup;
			children = (
				967124CB2B01337000E0DCB4 /* CounterComponent.swift */,
			);
			path = Components;
			sourceTree = "<group>";
		};
/* End PBXGroup section */

/* Begin PBXNativeTarget section */
		964B4D1F2AFAA98A00470E31 /* SwiftModule */ = {
			isa = PBXNativeTarget;
			buildConfigurationList = 964B4D342AFAA98B00470E31 /* Build configuration list for PBXNativeTarget "SwiftModule" */;
			buildPhases = (
				964B4D1C2AFAA98A00470E31 /* Sources */,
				964B4D1D2AFAA98A00470E31 /* Frameworks */,
				964B4D1E2AFAA98A00470E31 /* Resources */,
			);
			buildRules = (
			);
			dependencies = (
			);
			name = SwiftModule;
			productName = SwiftModule;
			productReference = 964B4D202AFAA98A00470E31 /* SwiftModule.app */;
			productType = "com.apple.product-type.application";
		};
/* End PBXNativeTarget section */

/* Begin PBXProject section */
		964B4D182AFAA98A00470E31 /* Project object */ = {
			isa = PBXProject;
			attributes = {
				BuildIndependentTargetsInParallel = 1;
				LastSwiftUpdateCheck = 1500;
				LastUpgradeCheck = 1500;
				TargetAttributes = {
					964B4D1F2AFAA98A00470E31 = {
						CreatedOnToolsVersion = 15.0;
					};
				};
			};
			buildConfigurationList = 964B4D1B2AFAA98A00470E31 /* Build configuration list for PBXProject "SwiftModule" */;
			compatibilityVersion = "Xcode 14.0";
			developmentRegion = en;
			hasScannedForEncodings = 0;
			knownRegions = (
				en,
				Base,
			);
			mainGroup = 964B4D172AFAA98A00470E31;
			productRefGroup = 964B4D212AFAA98A00470E31 /* Products */;
			projectDirPath = "";
			projectRoot = "";
			targets = (
				964B4D1F2AFAA98A00470E31 /* SwiftModule */,
			);
		};
/* End PBXProject section */

/* Begin PBXResourcesBuildPhase section */
		964B4D1E2AFAA98A00470E31 /* Resources */ = {
			isa = PBXResourcesBuildPhase;
			buildActionMask = 2147483647;
			files = (
				964B4D2D2AFAA98B00470E31 /* Assets.xcassets in Resources */,
			);
			runOnlyForDeploymentPostprocessing = 0;
		};
/* End PBXResourcesBuildPhase section */

/* Begin PBXSourcesBuildPhase section */
		964B4D1C2AFAA98A00470E31 /* Sources */ = {
			isa = PBXSourcesBuildPhase;
			buildActionMask = 2147483647;
			files = (
				967124C22B0109C800E0DCB4 /* Router.swift in Sources */,
				964B4D4F2AFAB0A800470E31 /* Route.swift in Sources */,
				967124BA2B01018100E0DCB4 /* AppModule.swift in Sources */,
				967124C42B0113CD00E0DCB4 /* App2Module.swift in Sources */,
				967124CC2B01337000E0DCB4 /* CounterComponent.swift in Sources */,
				964B4D472AFAAE8200470E31 /* App1FirstViewModel.swift in Sources */,
				964B4D382AFAAA7A00470E31 /* AppPage.swift in Sources */,
				964B4D6C2AFB1B3D00470E31 /* printIfDebug.swift in Sources */,
				964B4D782AFB1C3A00470E31 /* App2FirstViewModel.swift in Sources */,
				964B4D542AFAB9D100470E31 /* App1SecondPage.swift in Sources */,
				964B4D442AFAAE3600470E31 /* App1FirstPage.swift in Sources */,
				964B4D242AFAA98A00470E31 /* AppDelegate.swift in Sources */,
				964B4D562AFABA0A00470E31 /* App1SecondViewModel.swift in Sources */,
				967124B82B01016100E0DCB4 /* Module.swift in Sources */,
				964B4D732AFB1BE500470E31 /* App2FirstPage.swift in Sources */,
				964B4D4B2AFAB08A00470E31 /* AppRouting.swift in Sources */,
				964B4D6F2AFB1BB500470E31 /* App2Routing.swift in Sources */,
				964B4D752AFB1C0400470E31 /* App2SecondPage.swift in Sources */,
				964B4D3D2AFAABED00470E31 /* AppViewModel.swift in Sources */,
				964B4D492AFAAFBD00470E31 /* App1Routing.swift in Sources */,
				964B4D7A2AFB1C4900470E31 /* App2SecondViewModel.swift in Sources */,
				964B4D262AFAA98A00470E31 /* SceneDelegate.swift in Sources */,
				964B4D522AFAB9A900470E31 /* Component.swift in Sources */,
				967124C02B01084C00E0DCB4 /* App1Module.swift in Sources */,
			);
			runOnlyForDeploymentPostprocessing = 0;
		};
/* End PBXSourcesBuildPhase section */

/* Begin XCBuildConfiguration section */
		964B4D322AFAA98B00470E31 /* Debug */ = {
			isa = XCBuildConfiguration;
			buildSettings = {
				ALWAYS_SEARCH_USER_PATHS = NO;
				ASSETCATALOG_COMPILER_GENERATE_SWIFT_ASSET_SYMBOL_EXTENSIONS = YES;
				CLANG_ANALYZER_NONNULL = YES;
				CLANG_ANALYZER_NUMBER_OBJECT_CONVERSION = YES_AGGRESSIVE;
				CLANG_CXX_LANGUAGE_STANDARD = "gnu++20";
				CLANG_ENABLE_MODULES = YES;
				CLANG_ENABLE_OBJC_ARC = YES;
				CLANG_ENABLE_OBJC_WEAK = YES;
				CLANG_WARN_BLOCK_CAPTURE_AUTORELEASING = YES;
				CLANG_WARN_BOOL_CONVERSION = YES;
				CLANG_WARN_COMMA = YES;
				CLANG_WARN_CONSTANT_CONVERSION = YES;
				CLANG_WARN_DEPRECATED_OBJC_IMPLEMENTATIONS = YES;
				CLANG_WARN_DIRECT_OBJC_ISA_USAGE = YES_ERROR;
				CLANG_WARN_DOCUMENTATION_COMMENTS = YES;
				CLANG_WARN_EMPTY_BODY = YES;
				CLANG_WARN_ENUM_CONVERSION = YES;
				CLANG_WARN_INFINITE_RECURSION = YES;
				CLANG_WARN_INT_CONVERSION = YES;
				CLANG_WARN_NON_LITERAL_NULL_CONVERSION = YES;
				CLANG_WARN_OBJC_IMPLICIT_RETAIN_SELF = YES;
				CLANG_WARN_OBJC_LITERAL_CONVERSION = YES;
				CLANG_WARN_OBJC_ROOT_CLASS = YES_ERROR;
				CLANG_WARN_QUOTED_INCLUDE_IN_FRAMEWORK_HEADER = YES;
				CLANG_WARN_RANGE_LOOP_ANALYSIS = YES;
				CLANG_WARN_STRICT_PROTOTYPES = YES;
				CLANG_WARN_SUSPICIOUS_MOVE = YES;
				CLANG_WARN_UNGUARDED_AVAILABILITY = YES_AGGRESSIVE;
				CLANG_WARN_UNREACHABLE_CODE = YES;
				CLANG_WARN__DUPLICATE_METHOD_MATCH = YES;
				COPY_PHASE_STRIP = NO;
				DEBUG_INFORMATION_FORMAT = dwarf;
				ENABLE_STRICT_OBJC_MSGSEND = YES;
				ENABLE_TESTABILITY = YES;
				ENABLE_USER_SCRIPT_SANDBOXING = YES;
				GCC_C_LANGUAGE_STANDARD = gnu17;
				GCC_DYNAMIC_NO_PIC = NO;
				GCC_NO_COMMON_BLOCKS = YES;
				GCC_OPTIMIZATION_LEVEL = 0;
				GCC_PREPROCESSOR_DEFINITIONS = (
					"DEBUG=1",
					"$(inherited)",
				);
				GCC_WARN_64_TO_32_BIT_CONVERSION = YES;
				GCC_WARN_ABOUT_RETURN_TYPE = YES_ERROR;
				GCC_WARN_UNDECLARED_SELECTOR = YES;
				GCC_WARN_UNINITIALIZED_AUTOS = YES_AGGRESSIVE;
				GCC_WARN_UNUSED_FUNCTION = YES;
				GCC_WARN_UNUSED_VARIABLE = YES;
				IPHONEOS_DEPLOYMENT_TARGET = 17.0;
				LOCALIZATION_PREFERS_STRING_CATALOGS = YES;
				MTL_ENABLE_DEBUG_INFO = INCLUDE_SOURCE;
				MTL_FAST_MATH = YES;
				ONLY_ACTIVE_ARCH = YES;
				SDKROOT = iphoneos;
				SWIFT_ACTIVE_COMPILATION_CONDITIONS = "DEBUG $(inherited)";
				SWIFT_OPTIMIZATION_LEVEL = "-Onone";
			};
			name = Debug;
		};
		964B4D332AFAA98B00470E31 /* Release */ = {
			isa = XCBuildConfiguration;
			buildSettings = {
				ALWAYS_SEARCH_USER_PATHS = NO;
				ASSETCATALOG_COMPILER_GENERATE_SWIFT_ASSET_SYMBOL_EXTENSIONS = YES;
				CLANG_ANALYZER_NONNULL = YES;
				CLANG_ANALYZER_NUMBER_OBJECT_CONVERSION = YES_AGGRESSIVE;
				CLANG_CXX_LANGUAGE_STANDARD = "gnu++20";
				CLANG_ENABLE_MODULES = YES;
				CLANG_ENABLE_OBJC_ARC = YES;
				CLANG_ENABLE_OBJC_WEAK = YES;
				CLANG_WARN_BLOCK_CAPTURE_AUTORELEASING = YES;
				CLANG_WARN_BOOL_CONVERSION = YES;
				CLANG_WARN_COMMA = YES;
				CLANG_WARN_CONSTANT_CONVERSION = YES;
				CLANG_WARN_DEPRECATED_OBJC_IMPLEMENTATIONS = YES;
				CLANG_WARN_DIRECT_OBJC_ISA_USAGE = YES_ERROR;
				CLANG_WARN_DOCUMENTATION_COMMENTS = YES;
				CLANG_WARN_EMPTY_BODY = YES;
				CLANG_WARN_ENUM_CONVERSION = YES;
				CLANG_WARN_INFINITE_RECURSION = YES;
				CLANG_WARN_INT_CONVERSION = YES;
				CLANG_WARN_NON_LITERAL_NULL_CONVERSION = YES;
				CLANG_WARN_OBJC_IMPLICIT_RETAIN_SELF = YES;
				CLANG_WARN_OBJC_LITERAL_CONVERSION = YES;
				CLANG_WARN_OBJC_ROOT_CLASS = YES_ERROR;
				CLANG_WARN_QUOTED_INCLUDE_IN_FRAMEWORK_HEADER = YES;
				CLANG_WARN_RANGE_LOOP_ANALYSIS = YES;
				CLANG_WARN_STRICT_PROTOTYPES = YES;
				CLANG_WARN_SUSPICIOUS_MOVE = YES;
				CLANG_WARN_UNGUARDED_AVAILABILITY = YES_AGGRESSIVE;
				CLANG_WARN_UNREACHABLE_CODE = YES;
				CLANG_WARN__DUPLICATE_METHOD_MATCH = YES;
				COPY_PHASE_STRIP = NO;
				DEBUG_INFORMATION_FORMAT = "dwarf-with-dsym";
				ENABLE_NS_ASSERTIONS = NO;
				ENABLE_STRICT_OBJC_MSGSEND = YES;
				ENABLE_USER_SCRIPT_SANDBOXING = YES;
				GCC_C_LANGUAGE_STANDARD = gnu17;
				GCC_NO_COMMON_BLOCKS = YES;
				GCC_WARN_64_TO_32_BIT_CONVERSION = YES;
				GCC_WARN_ABOUT_RETURN_TYPE = YES_ERROR;
				GCC_WARN_UNDECLARED_SELECTOR = YES;
				GCC_WARN_UNINITIALIZED_AUTOS = YES_AGGRESSIVE;
				GCC_WARN_UNUSED_FUNCTION = YES;
				GCC_WARN_UNUSED_VARIABLE = YES;
				IPHONEOS_DEPLOYMENT_TARGET = 17.0;
				LOCALIZATION_PREFERS_STRING_CATALOGS = YES;
				MTL_ENABLE_DEBUG_INFO = NO;
				MTL_FAST_MATH = YES;
				SDKROOT = iphoneos;
				SWIFT_COMPILATION_MODE = wholemodule;
				VALIDATE_PRODUCT = YES;
			};
			name = Release;
		};
		964B4D352AFAA98B00470E31 /* Debug */ = {
			isa = XCBuildConfiguration;
			buildSettings = {
				ASSETCATALOG_COMPILER_APPICON_NAME = AppIcon;
				ASSETCATALOG_COMPILER_GLOBAL_ACCENT_COLOR_NAME = AccentColor;
				CODE_SIGN_STYLE = Automatic;
				CURRENT_PROJECT_VERSION = 1;
				DEVELOPMENT_TEAM = G85YYYKRLS;
				GENERATE_INFOPLIST_FILE = YES;
				INFOPLIST_FILE = SwiftModule/Info.plist;
				INFOPLIST_KEY_UIApplicationSupportsIndirectInputEvents = YES;
				INFOPLIST_KEY_UILaunchStoryboardName = LaunchScreen;
				INFOPLIST_KEY_UISupportedInterfaceOrientations_iPad = "UIInterfaceOrientationPortrait UIInterfaceOrientationPortraitUpsideDown UIInterfaceOrientationLandscapeLeft UIInterfaceOrientationLandscapeRight";
				INFOPLIST_KEY_UISupportedInterfaceOrientations_iPhone = "UIInterfaceOrientationPortrait UIInterfaceOrientationLandscapeLeft UIInterfaceOrientationLandscapeRight";
				LD_RUNPATH_SEARCH_PATHS = (
					"$(inherited)",
					"@executable_path/Frameworks",
				);
				MARKETING_VERSION = 1.0;
				PRODUCT_BUNDLE_IDENTIFIER = com.jason.SwiftModule;
				PRODUCT_NAME = "$(TARGET_NAME)";
				SWIFT_EMIT_LOC_STRINGS = YES;
				SWIFT_VERSION = 5.0;
				TARGETED_DEVICE_FAMILY = "1,2";
			};
			name = Debug;
		};
		964B4D362AFAA98B00470E31 /* Release */ = {
			isa = XCBuildConfiguration;
			buildSettings = {
				ASSETCATALOG_COMPILER_APPICON_NAME = AppIcon;
				ASSETCATALOG_COMPILER_GLOBAL_ACCENT_COLOR_NAME = AccentColor;
				CODE_SIGN_STYLE = Automatic;
				CURRENT_PROJECT_VERSION = 1;
				DEVELOPMENT_TEAM = G85YYYKRLS;
				GENERATE_INFOPLIST_FILE = YES;
				INFOPLIST_FILE = SwiftModule/Info.plist;
				INFOPLIST_KEY_UIApplicationSupportsIndirectInputEvents = YES;
				INFOPLIST_KEY_UILaunchStoryboardName = LaunchScreen;
				INFOPLIST_KEY_UISupportedInterfaceOrientations_iPad = "UIInterfaceOrientationPortrait UIInterfaceOrientationPortraitUpsideDown UIInterfaceOrientationLandscapeLeft UIInterfaceOrientationLandscapeRight";
				INFOPLIST_KEY_UISupportedInterfaceOrientations_iPhone = "UIInterfaceOrientationPortrait UIInterfaceOrientationLandscapeLeft UIInterfaceOrientationLandscapeRight";
				LD_RUNPATH_SEARCH_PATHS = (
					"$(inherited)",
					"@executable_path/Frameworks",
				);
				MARKETING_VERSION = 1.0;
				PRODUCT_BUNDLE_IDENTIFIER = com.jason.SwiftModule;
				PRODUCT_NAME = "$(TARGET_NAME)";
				SWIFT_EMIT_LOC_STRINGS = YES;
				SWIFT_VERSION = 5.0;
				TARGETED_DEVICE_FAMILY = "1,2";
			};
			name = Release;
		};
/* End XCBuildConfiguration section */

/* Begin XCConfigurationList section */
		964B4D1B2AFAA98A00470E31 /* Build configuration list for PBXProject "SwiftModule" */ = {
			isa = XCConfigurationList;
			buildConfigurations = (
				964B4D322AFAA98B00470E31 /* Debug */,
				964B4D332AFAA98B00470E31 /* Release */,
			);
			defaultConfigurationIsVisible = 0;
			defaultConfigurationName = Release;
		};
		964B4D342AFAA98B00470E31 /* Build configuration list for PBXNativeTarget "SwiftModule" */ = {
			isa = XCConfigurationList;
			buildConfigurations = (
				964B4D352AFAA98B00470E31 /* Debug */,
				964B4D362AFAA98B00470E31 /* Release */,
			);
			defaultConfigurationIsVisible = 0;
			defaultConfigurationName = Release;
		};
/* End XCConfigurationList section */
	};
	rootObject = 964B4D182AFAA98A00470E31 /* Project object */;
}
